{
  "name": "ublacklist-blacklist",
  "version": "1.0.0",
  "lockfileVersion": 1,
  "requires": true,
  "dependencies": {
    "punycode": {
      "version": "1.4.1",
      "resolved": "https://registry.npmjs.org/punycode/-/punycode-1.4.1.tgz",
      "integrity": "sha1-wNWmOycYgArY4esPpSachN1BhF4="
    },
    "tldjs": {
      "version": "2.3.1",
      "resolved": "https://registry.npmjs.org/tldjs/-/tldjs-2.3.1.tgz",
      "integrity": "sha512-W/YVH/QczLUxVjnQhFC61Iq232NWu3TqDdO0S/MtXVz4xybejBov4ud+CIwN9aYqjOecEqIy0PscGkwpG9ZyTw==",
      "requires": {
        "punycode": "^1.4.1"
      }
    }
  }
}
